// !$*UTF8*$!
{
	archiveVersion = 1;
	classes = {
	};
	objectVersion = 46;
	objects = {

/* Begin PBXBuildFile section */
		607FACD61AFB9204008FA782 /* AppDelegate.swift in Sources */ = {isa = PBXBuildFile; fileRef = 607FACD51AFB9204008FA782 /* AppDelegate.swift */; };
		607FACD81AFB9204008FA782 /* MainViewController.swift in Sources */ = {isa = PBXBuildFile; fileRef = 607FACD71AFB9204008FA782 /* MainViewController.swift */; };
		607FACDB1AFB9204008FA782 /* Main.storyboard in Resources */ = {isa = PBXBuildFile; fileRef = 607FACD91AFB9204008FA782 /* Main.storyboard */; };
		607FACDD1AFB9204008FA782 /* Images.xcassets in Resources */ = {isa = PBXBuildFile; fileRef = 607FACDC1AFB9204008FA782 /* Images.xcassets */; };
		607FACE01AFB9204008FA782 /* LaunchScreen.xib in Resources */ = {isa = PBXBuildFile; fileRef = 607FACDE1AFB9204008FA782 /* LaunchScreen.xib */; };
		CC59AB06F251BAB533E5CA5F /* Pods_OpenAI_Example.framework in Frameworks */ = {isa = PBXBuildFile; fileRef = 8630A2BFC57B2BC773C61576 /* Pods_OpenAI_Example.framework */; };
		E2539D9C29699272004E17D6 /* OpenAI.swift in Sources */ = {isa = PBXBuildFile; fileRef = E2539D9B29699272004E17D6 /* OpenAI.swift */; };
		E2539DA029699B11004E17D6 /* Session.swift in Sources */ = {isa = PBXBuildFile; fileRef = E2539D9F29699B11004E17D6 /* Session.swift */; };
		E2539DA22969AE03004E17D6 /* SessionDelegate.swift in Sources */ = {isa = PBXBuildFile; fileRef = E2539DA12969AE03004E17D6 /* SessionDelegate.swift */; };
		E2539DA52969AE24004E17D6 /* OperationQueueExt.swift in Sources */ = {isa = PBXBuildFile; fileRef = E2539DA42969AE24004E17D6 /* OperationQueueExt.swift */; };
		E2539DA82969B123004E17D6 /* HTTPMethod.swift in Sources */ = {isa = PBXBuildFile; fileRef = E2539DA72969B123004E17D6 /* HTTPMethod.swift */; };
		E2539DAC296A54C1004E17D6 /* OpenEndpoint.swift in Sources */ = {isa = PBXBuildFile; fileRef = E2539DAB296A54C1004E17D6 /* OpenEndpoint.swift */; };
		E2539DAE296A5B0B004E17D6 /* ImageSize.swift in Sources */ = {isa = PBXBuildFile; fileRef = E2539DAD296A5B0B004E17D6 /* ImageSize.swift */; };
		E2539DB1296A5DFB004E17D6 /* ImageModel.swift in Sources */ = {isa = PBXBuildFile; fileRef = E2539DB0296A5DFB004E17D6 /* ImageModel.swift */; };
		E2539DB3296A6173004E17D6 /* Errors.swift in Sources */ = {isa = PBXBuildFile; fileRef = E2539DB2296A6173004E17D6 /* Errors.swift */; };
		E2539DB6296A6A67004E17D6 /* ImageViewController.swift in Sources */ = {isa = PBXBuildFile; fileRef = E2539DB5296A6A67004E17D6 /* ImageViewController.swift */; };
		E2539DBA296A6A8C004E17D6 /* BaseViewController.swift in Sources */ = {isa = PBXBuildFile; fileRef = E2539DB9296A6A8C004E17D6 /* BaseViewController.swift */; };
		E2CBE843296A6E830021259A /* UIApplicationExt.swift in Sources */ = {isa = PBXBuildFile; fileRef = E2CBE842296A6E830021259A /* UIApplicationExt.swift */; };
		E2CBE846296A6EA90021259A /* WaitManager.swift in Sources */ = {isa = PBXBuildFile; fileRef = E2CBE845296A6EA90021259A /* WaitManager.swift */; };
/* End PBXBuildFile section */

/* Begin PBXFileReference section */
		2C69FBF0294A3EDA3DC91014 /* Pods-OpenAI_Example.release.xcconfig */ = {isa = PBXFileReference; includeInIndex = 1; lastKnownFileType = text.xcconfig; name = "Pods-OpenAI_Example.release.xcconfig"; path = "Target Support Files/Pods-OpenAI_Example/Pods-OpenAI_Example.release.xcconfig"; sourceTree = "<group>"; };
		32EEC5F77BADC7646C7939CF /* README.md */ = {isa = PBXFileReference; includeInIndex = 1; lastKnownFileType = net.daringfireball.markdown; name = README.md; path = ../README.md; sourceTree = "<group>"; };
		483B8CEA2A991DFA39B6FC2B /* Pods-OpenAI_Tests.release.xcconfig */ = {isa = PBXFileReference; includeInIndex = 1; lastKnownFileType = text.xcconfig; name = "Pods-OpenAI_Tests.release.xcconfig"; path = "Target Support Files/Pods-OpenAI_Tests/Pods-OpenAI_Tests.release.xcconfig"; sourceTree = "<group>"; };
		579CE7D83806DC2A21E1397F /* Pods-OpenAI_Example.debug.xcconfig */ = {isa = PBXFileReference; includeInIndex = 1; lastKnownFileType = text.xcconfig; name = "Pods-OpenAI_Example.debug.xcconfig"; path = "Target Support Files/Pods-OpenAI_Example/Pods-OpenAI_Example.debug.xcconfig"; sourceTree = "<group>"; };
		586C0FB9AC934D8FAA4DF8C8 /* OpenAI.podspec */ = {isa = PBXFileReference; includeInIndex = 1; lastKnownFileType = text; name = OpenAI.podspec; path = ../OpenAI.podspec; sourceTree = "<group>"; xcLanguageSpecificationIdentifier = xcode.lang.ruby; };
		607FACD01AFB9204008FA782 /* OpenAI_Example.app */ = {isa = PBXFileReference; explicitFileType = wrapper.application; includeInIndex = 0; path = OpenAI_Example.app; sourceTree = BUILT_PRODUCTS_DIR; };
		607FACD41AFB9204008FA782 /* Info.plist */ = {isa = PBXFileReference; lastKnownFileType = text.plist.xml; path = Info.plist; sourceTree = "<group>"; };
		607FACD51AFB9204008FA782 /* AppDelegate.swift */ = {isa = PBXFileReference; lastKnownFileType = sourcecode.swift; path = AppDelegate.swift; sourceTree = "<group>"; };
		607FACD71AFB9204008FA782 /* MainViewController.swift */ = {isa = PBXFileReference; lastKnownFileType = sourcecode.swift; path = MainViewController.swift; sourceTree = "<group>"; };
		607FACDA1AFB9204008FA782 /* Base */ = {isa = PBXFileReference; lastKnownFileType = file.storyboard; name = Base; path = Base.lproj/Main.storyboard; sourceTree = "<group>"; };
		607FACDC1AFB9204008FA782 /* Images.xcassets */ = {isa = PBXFileReference; lastKnownFileType = folder.assetcatalog; path = Images.xcassets; sourceTree = "<group>"; };
		607FACDF1AFB9204008FA782 /* Base */ = {isa = PBXFileReference; lastKnownFileType = file.xib; name = Base; path = Base.lproj/LaunchScreen.xib; sourceTree = "<group>"; };
		8630A2BFC57B2BC773C61576 /* Pods_OpenAI_Example.framework */ = {isa = PBXFileReference; explicitFileType = wrapper.framework; includeInIndex = 0; path = Pods_OpenAI_Example.framework; sourceTree = BUILT_PRODUCTS_DIR; };
		AD3EFA04CE3FEA12D7000B15 /* LICENSE */ = {isa = PBXFileReference; includeInIndex = 1; lastKnownFileType = text; name = LICENSE; path = ../LICENSE; sourceTree = "<group>"; };
		C02BF92D0F4DD518A0C25F15 /* Pods_OpenAI_Tests.framework */ = {isa = PBXFileReference; explicitFileType = wrapper.framework; includeInIndex = 0; path = Pods_OpenAI_Tests.framework; sourceTree = BUILT_PRODUCTS_DIR; };
		E2539D9B29699272004E17D6 /* OpenAI.swift */ = {isa = PBXFileReference; lastKnownFileType = sourcecode.swift; path = OpenAI.swift; sourceTree = "<group>"; };
		E2539D9F29699B11004E17D6 /* Session.swift */ = {isa = PBXFileReference; lastKnownFileType = sourcecode.swift; path = Session.swift; sourceTree = "<group>"; };
		E2539DA12969AE03004E17D6 /* SessionDelegate.swift */ = {isa = PBXFileReference; lastKnownFileType = sourcecode.swift; path = SessionDelegate.swift; sourceTree = "<group>"; };
		E2539DA42969AE24004E17D6 /* OperationQueueExt.swift */ = {isa = PBXFileReference; lastKnownFileType = sourcecode.swift; path = OperationQueueExt.swift; sourceTree = "<group>"; };
		E2539DA72969B123004E17D6 /* HTTPMethod.swift */ = {isa = PBXFileReference; lastKnownFileType = sourcecode.swift; path = HTTPMethod.swift; sourceTree = "<group>"; };
		E2539DAB296A54C1004E17D6 /* OpenEndpoint.swift */ = {isa = PBXFileReference; lastKnownFileType = sourcecode.swift; path = OpenEndpoint.swift; sourceTree = "<group>"; };
		E2539DAD296A5B0B004E17D6 /* ImageSize.swift */ = {isa = PBXFileReference; lastKnownFileType = sourcecode.swift; path = ImageSize.swift; sourceTree = "<group>"; };
		E2539DB0296A5DFB004E17D6 /* ImageModel.swift */ = {isa = PBXFileReference; lastKnownFileType = sourcecode.swift; path = ImageModel.swift; sourceTree = "<group>"; };
		E2539DB2296A6173004E17D6 /* Errors.swift */ = {isa = PBXFileReference; lastKnownFileType = sourcecode.swift; path = Errors.swift; sourceTree = "<group>"; };
		E2539DB5296A6A67004E17D6 /* ImageViewController.swift */ = {isa = PBXFileReference; lastKnownFileType = sourcecode.swift; path = ImageViewController.swift; sourceTree = "<group>"; };
		E2539DB9296A6A8C004E17D6 /* BaseViewController.swift */ = {isa = PBXFileReference; lastKnownFileType = sourcecode.swift; path = BaseViewController.swift; sourceTree = "<group>"; };
		E2CBE842296A6E830021259A /* UIApplicationExt.swift */ = {isa = PBXFileReference; lastKnownFileType = sourcecode.swift; path = UIApplicationExt.swift; sourceTree = "<group>"; };
		E2CBE845296A6EA90021259A /* WaitManager.swift */ = {isa = PBXFileReference; lastKnownFileType = sourcecode.swift; path = WaitManager.swift; sourceTree = "<group>"; };
		E54CB5BB235001F47A6AFBED /* Pods-OpenAI_Tests.debug.xcconfig */ = {isa = PBXFileReference; includeInIndex = 1; lastKnownFileType = text.xcconfig; name = "Pods-OpenAI_Tests.debug.xcconfig"; path = "Target Support Files/Pods-OpenAI_Tests/Pods-OpenAI_Tests.debug.xcconfig"; sourceTree = "<group>"; };
/* End PBXFileReference section */

/* Begin PBXFrameworksBuildPhase section */
		607FACCD1AFB9204008FA782 /* Frameworks */ = {
			isa = PBXFrameworksBuildPhase;
			buildActionMask = 2147483647;
			files = (
				CC59AB06F251BAB533E5CA5F /* Pods_OpenAI_Example.framework in Frameworks */,
			);
			runOnlyForDeploymentPostprocessing = 0;
		};
/* End PBXFrameworksBuildPhase section */

/* Begin PBXGroup section */
		607FACC71AFB9204008FA782 = {
			isa = PBXGroup;
			children = (
				607FACF51AFB993E008FA782 /* Podspec Metadata */,
				E2539D922969923B004E17D6 /* Sources */,
				607FACD21AFB9204008FA782 /* Example for OpenAI */,
				607FACD11AFB9204008FA782 /* Products */,
				719EAFC7F561A2CB1A040D1C /* Pods */,
				F60F994DE0475D10231A2A26 /* Frameworks */,
			);
			sourceTree = "<group>";
		};
		607FACD11AFB9204008FA782 /* Products */ = {
			isa = PBXGroup;
			children = (
				607FACD01AFB9204008FA782 /* OpenAI_Example.app */,
			);
			name = Products;
			sourceTree = "<group>";
		};
		607FACD21AFB9204008FA782 /* Example for OpenAI */ = {
			isa = PBXGroup;
			children = (
				E2539DB7296A6A7A004E17D6 /* Sources */,
				607FACD91AFB9204008FA782 /* Main.storyboard */,
				607FACDC1AFB9204008FA782 /* Images.xcassets */,
				607FACDE1AFB9204008FA782 /* LaunchScreen.xib */,
				607FACD31AFB9204008FA782 /* Supporting Files */,
			);
			name = "Example for OpenAI";
			path = OpenAI;
			sourceTree = "<group>";
		};
		607FACD31AFB9204008FA782 /* Supporting Files */ = {
			isa = PBXGroup;
			children = (
				607FACD41AFB9204008FA782 /* Info.plist */,
			);
			name = "Supporting Files";
			sourceTree = "<group>";
		};
		607FACF51AFB993E008FA782 /* Podspec Metadata */ = {
			isa = PBXGroup;
			children = (
				586C0FB9AC934D8FAA4DF8C8 /* OpenAI.podspec */,
				32EEC5F77BADC7646C7939CF /* README.md */,
				AD3EFA04CE3FEA12D7000B15 /* LICENSE */,
			);
			name = "Podspec Metadata";
			sourceTree = "<group>";
		};
		719EAFC7F561A2CB1A040D1C /* Pods */ = {
			isa = PBXGroup;
			children = (
				579CE7D83806DC2A21E1397F /* Pods-OpenAI_Example.debug.xcconfig */,
				2C69FBF0294A3EDA3DC91014 /* Pods-OpenAI_Example.release.xcconfig */,
				E54CB5BB235001F47A6AFBED /* Pods-OpenAI_Tests.debug.xcconfig */,
				483B8CEA2A991DFA39B6FC2B /* Pods-OpenAI_Tests.release.xcconfig */,
			);
			path = Pods;
			sourceTree = "<group>";
		};
		E2539D922969923B004E17D6 /* Sources */ = {
			isa = PBXGroup;
			children = (
				E2539D932969923B004E17D6 /* Classes */,
				E2539D962969923B004E17D6 /* Assets */,
			);
			name = Sources;
			path = ../Sources;
			sourceTree = "<group>";
		};
		E2539D932969923B004E17D6 /* Classes */ = {
			isa = PBXGroup;
			children = (
				E2539DA62969B11C004E17D6 /* Core */,
				E2539DA32969AE1B004E17D6 /* Extensions */,
				E2539D9E296999B0004E17D6 /* Networking */,
				E2539D9B29699272004E17D6 /* OpenAI.swift */,
			);
			path = Classes;
			sourceTree = "<group>";
		};
		E2539D962969923B004E17D6 /* Assets */ = {
			isa = PBXGroup;
			children = (
			);
			path = Assets;
			sourceTree = "<group>";
		};
		E2539D9E296999B0004E17D6 /* Networking */ = {
			isa = PBXGroup;
			children = (
				E2539DAA296A54B5004E17D6 /* Config */,
				E2539DAF296A5DA4004E17D6 /* Models */,
				E2539D9F29699B11004E17D6 /* Session.swift */,
				E2539DA12969AE03004E17D6 /* SessionDelegate.swift */,
				E2539DB2296A6173004E17D6 /* Errors.swift */,
			);
			path = Networking;
			sourceTree = "<group>";
		};
		E2539DA32969AE1B004E17D6 /* Extensions */ = {
			isa = PBXGroup;
			children = (
				E2539DA42969AE24004E17D6 /* OperationQueueExt.swift */,
			);
			path = Extensions;
			sourceTree = "<group>";
		};
		E2539DA62969B11C004E17D6 /* Core */ = {
			isa = PBXGroup;
			children = (
				E2539DA72969B123004E17D6 /* HTTPMethod.swift */,
				E2539DAD296A5B0B004E17D6 /* ImageSize.swift */,
			);
			path = Core;
			sourceTree = "<group>";
		};
		E2539DAA296A54B5004E17D6 /* Config */ = {
			isa = PBXGroup;
			children = (
				E2539DAB296A54C1004E17D6 /* OpenEndpoint.swift */,
			);
			path = Config;
			sourceTree = "<group>";
		};
		E2539DAF296A5DA4004E17D6 /* Models */ = {
			isa = PBXGroup;
			children = (
				E2539DB0296A5DFB004E17D6 /* ImageModel.swift */,
			);
			path = Models;
			sourceTree = "<group>";
		};
		E2539DB7296A6A7A004E17D6 /* Sources */ = {
			isa = PBXGroup;
			children = (
				E2CBE848296A6EDD0021259A /* Application */,
				E2539DB8296A6A85004E17D6 /* Base */,
				E2CBE844296A6EA20021259A /* Utils */,
				E2CBE841296A6E7A0021259A /* Extensions */,
				E2CBE849296A6EE90021259A /* Pages */,
			);
			name = Sources;
			sourceTree = "<group>";
		};
		E2539DB8296A6A85004E17D6 /* Base */ = {
			isa = PBXGroup;
			children = (
				E2539DB9296A6A8C004E17D6 /* BaseViewController.swift */,
			);
			name = Base;
			sourceTree = "<group>";
		};
		E2CBE841296A6E7A0021259A /* Extensions */ = {
			isa = PBXGroup;
			children = (
				E2CBE842296A6E830021259A /* UIApplicationExt.swift */,
			);
			name = Extensions;
			sourceTree = "<group>";
		};
		E2CBE844296A6EA20021259A /* Utils */ = {
			isa = PBXGroup;
			children = (
				E2CBE845296A6EA90021259A /* WaitManager.swift */,
			);
			name = Utils;
			sourceTree = "<group>";
		};
		E2CBE848296A6EDD0021259A /* Application */ = {
			isa = PBXGroup;
			children = (
				607FACD51AFB9204008FA782 /* AppDelegate.swift */,
			);
			name = Application;
			sourceTree = "<group>";
		};
		E2CBE849296A6EE90021259A /* Pages */ = {
			isa = PBXGroup;
			children = (
				607FACD71AFB9204008FA782 /* MainViewController.swift */,
				E2539DB5296A6A67004E17D6 /* ImageViewController.swift */,
			);
			name = Pages;
			sourceTree = "<group>";
		};
		F60F994DE0475D10231A2A26 /* Frameworks */ = {
			isa = PBXGroup;
			children = (
				8630A2BFC57B2BC773C61576 /* Pods_OpenAI_Example.framework */,
				C02BF92D0F4DD518A0C25F15 /* Pods_OpenAI_Tests.framework */,
			);
			name = Frameworks;
			sourceTree = "<group>";
		};
/* End PBXGroup section */

/* Begin PBXNativeTarget section */
		607FACCF1AFB9204008FA782 /* OpenAI_Example */ = {
			isa = PBXNativeTarget;
			buildConfigurationList = 607FACEF1AFB9204008FA782 /* Build configuration list for PBXNativeTarget "OpenAI_Example" */;
			buildPhases = (
				26B2EA40BB2AA8C9BE5CC422 /* [CP] Check Pods Manifest.lock */,
				607FACCC1AFB9204008FA782 /* Sources */,
				607FACCD1AFB9204008FA782 /* Frameworks */,
				607FACCE1AFB9204008FA782 /* Resources */,
				C9A0A53977CDBC0E94117C58 /* [CP] Embed Pods Frameworks */,
			);
			buildRules = (
			);
			dependencies = (
			);
			name = OpenAI_Example;
			productName = OpenAI;
			productReference = 607FACD01AFB9204008FA782 /* OpenAI_Example.app */;
			productType = "com.apple.product-type.application";
		};
/* End PBXNativeTarget section */

/* Begin PBXProject section */
		607FACC81AFB9204008FA782 /* Project object */ = {
			isa = PBXProject;
			attributes = {
				LastSwiftUpdateCheck = 0830;
				LastUpgradeCheck = 0830;
				ORGANIZATIONNAME = CocoaPods;
				TargetAttributes = {
					607FACCF1AFB9204008FA782 = {
						CreatedOnToolsVersion = 6.3.1;
						LastSwiftMigration = 0900;
					};
				};
			};
			buildConfigurationList = 607FACCB1AFB9204008FA782 /* Build configuration list for PBXProject "OpenAI" */;
			compatibilityVersion = "Xcode 3.2";
			developmentRegion = English;
			hasScannedForEncodings = 0;
			knownRegions = (
				English,
				en,
				Base,
			);
			mainGroup = 607FACC71AFB9204008FA782;
			productRefGroup = 607FACD11AFB9204008FA782 /* Products */;
			projectDirPath = "";
			projectRoot = "";
			targets = (
				607FACCF1AFB9204008FA782 /* OpenAI_Example */,
			);
		};
/* End PBXProject section */

/* Begin PBXResourcesBuildPhase section */
		607FACCE1AFB9204008FA782 /* Resources */ = {
			isa = PBXResourcesBuildPhase;
			buildActionMask = 2147483647;
			files = (
				607FACDB1AFB9204008FA782 /* Main.storyboard in Resources */,
				607FACE01AFB9204008FA782 /* LaunchScreen.xib in Resources */,
				607FACDD1AFB9204008FA782 /* Images.xcassets in Resources */,
			);
			runOnlyForDeploymentPostprocessing = 0;
		};
/* End PBXResourcesBuildPhase section */

/* Begin PBXShellScriptBuildPhase section */
		26B2EA40BB2AA8C9BE5CC422 /* [CP] Check Pods Manifest.lock */ = {
			isa = PBXShellScriptBuildPhase;
			buildActionMask = 2147483647;
			files = (
			);
			inputFileListPaths = (
			);
			inputPaths = (
				"${PODS_PODFILE_DIR_PATH}/Podfile.lock",
				"${PODS_ROOT}/Manifest.lock",
			);
			name = "[CP] Check Pods Manifest.lock";
			outputFileListPaths = (
			);
			outputPaths = (
				"$(DERIVED_FILE_DIR)/Pods-OpenAI_Example-checkManifestLockResult.txt",
			);
			runOnlyForDeploymentPostprocessing = 0;
			shellPath = /bin/sh;
			shellScript = "diff \"${PODS_PODFILE_DIR_PATH}/Podfile.lock\" \"${PODS_ROOT}/Manifest.lock\" > /dev/null\nif [ $? != 0 ] ; then\n    # print error to STDERR\n    echo \"error: The sandbox is not in sync with the Podfile.lock. Run 'pod install' or update your CocoaPods installation.\" >&2\n    exit 1\nfi\n# This output is used by Xcode 'outputs' to avoid re-running this script phase.\necho \"SUCCESS\" > \"${SCRIPT_OUTPUT_FILE_0}\"\n";
			showEnvVarsInLog = 0;
		};
		C9A0A53977CDBC0E94117C58 /* [CP] Embed Pods Frameworks */ = {
			isa = PBXShellScriptBuildPhase;
			buildActionMask = 2147483647;
			files = (
			);
			inputPaths = (
				"${PODS_ROOT}/Target Support Files/Pods-OpenAI_Example/Pods-OpenAI_Example-frameworks.sh",
				"${BUILT_PRODUCTS_DIR}/OpenAI/OpenAI.framework",
			);
			name = "[CP] Embed Pods Frameworks";
			outputPaths = (
				"${TARGET_BUILD_DIR}/${FRAMEWORKS_FOLDER_PATH}/OpenAI.framework",
			);
			runOnlyForDeploymentPostprocessing = 0;
			shellPath = /bin/sh;
			shellScript = "\"${PODS_ROOT}/Target Support Files/Pods-OpenAI_Example/Pods-OpenAI_Example-frameworks.sh\"\n";
			showEnvVarsInLog = 0;
		};
/* End PBXShellScriptBuildPhase section */

/* Begin PBXSourcesBuildPhase section */
		607FACCC1AFB9204008FA782 /* Sources */ = {
			isa = PBXSourcesBuildPhase;
			buildActionMask = 2147483647;
			files = (
				E2539DBA296A6A8C004E17D6 /* BaseViewController.swift in Sources */,
				E2539DA029699B11004E17D6 /* Session.swift in Sources */,
				E2539DB1296A5DFB004E17D6 /* ImageModel.swift in Sources */,
				E2539DB3296A6173004E17D6 /* Errors.swift in Sources */,
				E2539DA52969AE24004E17D6 /* OperationQueueExt.swift in Sources */,
				E2539DA82969B123004E17D6 /* HTTPMethod.swift in Sources */,
				E2539DA22969AE03004E17D6 /* SessionDelegate.swift in Sources */,
				E2539DAE296A5B0B004E17D6 /* ImageSize.swift in Sources */,
				E2CBE843296A6E830021259A /* UIApplicationExt.swift in Sources */,
				E2539DAC296A54C1004E17D6 /* OpenEndpoint.swift in Sources */,
				E2CBE846296A6EA90021259A /* WaitManager.swift in Sources */,
				E2539D9C29699272004E17D6 /* OpenAI.swift in Sources */,
				607FACD81AFB9204008FA782 /* MainViewController.swift in Sources */,
				E2539DB6296A6A67004E17D6 /* ImageViewController.swift in Sources */,
				607FACD61AFB9204008FA782 /* AppDelegate.swift in Sources */,
			);
			runOnlyForDeploymentPostprocessing = 0;
		};
/* End PBXSourcesBuildPhase section */

/* Begin PBXVariantGroup section */
		607FACD91AFB9204008FA782 /* Main.storyboard */ = {
			isa = PBXVariantGroup;
			children = (
				607FACDA1AFB9204008FA782 /* Base */,
			);
			name = Main.storyboard;
			sourceTree = "<group>";
		};
		607FACDE1AFB9204008FA782 /* LaunchScreen.xib */ = {
			isa = PBXVariantGroup;
			children = (
				607FACDF1AFB9204008FA782 /* Base */,
			);
			name = LaunchScreen.xib;
			sourceTree = "<group>";
		};
/* End PBXVariantGroup section */

/* Begin XCBuildConfiguration section */
		607FACED1AFB9204008FA782 /* Debug */ = {
			isa = XCBuildConfiguration;
			buildSettings = {
				ALWAYS_SEARCH_USER_PATHS = NO;
				CLANG_CXX_LANGUAGE_STANDARD = "gnu++0x";
				CLANG_CXX_LIBRARY = "libc++";
				CLANG_ENABLE_MODULES = YES;
				CLANG_ENABLE_OBJC_ARC = YES;
				CLANG_WARN_BLOCK_CAPTURE_AUTORELEASING = YES;
				CLANG_WARN_BOOL_CONVERSION = YES;
				CLANG_WARN_COMMA = YES;
				CLANG_WARN_CONSTANT_CONVERSION = YES;
				CLANG_WARN_DIRECT_OBJC_ISA_USAGE = YES_ERROR;
				CLANG_WARN_EMPTY_BODY = YES;
				CLANG_WARN_ENUM_CONVERSION = YES;
				CLANG_WARN_INFINITE_RECURSION = YES;
				CLANG_WARN_INT_CONVERSION = YES;
				CLANG_WARN_NON_LITERAL_NULL_CONVERSION = YES;
				CLANG_WARN_OBJC_LITERAL_CONVERSION = YES;
				CLANG_WARN_OBJC_ROOT_CLASS = YES_ERROR;
				CLANG_WARN_RANGE_LOOP_ANALYSIS = YES;
				CLANG_WARN_STRICT_PROTOTYPES = YES;
				CLANG_WARN_SUSPICIOUS_MOVE = YES;
				CLANG_WARN_UNREACHABLE_CODE = YES;
				CLANG_WARN__DUPLICATE_METHOD_MATCH = YES;
				"CODE_SIGN_IDENTITY[sdk=iphoneos*]" = "iPhone Developer";
				COPY_PHASE_STRIP = NO;
				DEBUG_INFORMATION_FORMAT = "dwarf-with-dsym";
				ENABLE_STRICT_OBJC_MSGSEND = YES;
				ENABLE_TESTABILITY = YES;
				GCC_C_LANGUAGE_STANDARD = gnu99;
				GCC_DYNAMIC_NO_PIC = NO;
				GCC_NO_COMMON_BLOCKS = YES;
				GCC_OPTIMIZATION_LEVEL = 0;
				GCC_PREPROCESSOR_DEFINITIONS = (
					"DEBUG=1",
					"$(inherited)",
				);
				GCC_SYMBOLS_PRIVATE_EXTERN = NO;
				GCC_WARN_64_TO_32_BIT_CONVERSION = YES;
				GCC_WARN_ABOUT_RETURN_TYPE = YES_ERROR;
				GCC_WARN_UNDECLARED_SELECTOR = YES;
				GCC_WARN_UNINITIALIZED_AUTOS = YES_AGGRESSIVE;
				GCC_WARN_UNUSED_FUNCTION = YES;
				GCC_WARN_UNUSED_VARIABLE = YES;
				IPHONEOS_DEPLOYMENT_TARGET = 9.3;
				MTL_ENABLE_DEBUG_INFO = YES;
				ONLY_ACTIVE_ARCH = YES;
				SDKROOT = iphoneos;
				SWIFT_OPTIMIZATION_LEVEL = "-Onone";
			};
			name = Debug;
		};
		607FACEE1AFB9204008FA782 /* Release */ = {
			isa = XCBuildConfiguration;
			buildSettings = {
				ALWAYS_SEARCH_USER_PATHS = NO;
				CLANG_CXX_LANGUAGE_STANDARD = "gnu++0x";
				CLANG_CXX_LIBRARY = "libc++";
				CLANG_ENABLE_MODULES = YES;
				CLANG_ENABLE_OBJC_ARC = YES;
				CLANG_WARN_BLOCK_CAPTURE_AUTORELEASING = YES;
				CLANG_WARN_BOOL_CONVERSION = YES;
				CLANG_WARN_COMMA = YES;
				CLANG_WARN_CONSTANT_CONVERSION = YES;
				CLANG_WARN_DIRECT_OBJC_ISA_USAGE = YES_ERROR;
				CLANG_WARN_EMPTY_BODY = YES;
				CLANG_WARN_ENUM_CONVERSION = YES;
				CLANG_WARN_INFINITE_RECURSION = YES;
				CLANG_WARN_INT_CONVERSION = YES;
				CLANG_WARN_NON_LITERAL_NULL_CONVERSION = YES;
				CLANG_WARN_OBJC_LITERAL_CONVERSION = YES;
				CLANG_WARN_OBJC_ROOT_CLASS = YES_ERROR;
				CLANG_WARN_RANGE_LOOP_ANALYSIS = YES;
				CLANG_WARN_STRICT_PROTOTYPES = YES;
				CLANG_WARN_SUSPICIOUS_MOVE = YES;
				CLANG_WARN_UNREACHABLE_CODE = YES;
				CLANG_WARN__DUPLICATE_METHOD_MATCH = YES;
				"CODE_SIGN_IDENTITY[sdk=iphoneos*]" = "iPhone Developer";
				COPY_PHASE_STRIP = NO;
				DEBUG_INFORMATION_FORMAT = "dwarf-with-dsym";
				ENABLE_NS_ASSERTIONS = NO;
				ENABLE_STRICT_OBJC_MSGSEND = YES;
				GCC_C_LANGUAGE_STANDARD = gnu99;
				GCC_NO_COMMON_BLOCKS = YES;
				GCC_WARN_64_TO_32_BIT_CONVERSION = YES;
				GCC_WARN_ABOUT_RETURN_TYPE = YES_ERROR;
				GCC_WARN_UNDECLARED_SELECTOR = YES;
				GCC_WARN_UNINITIALIZED_AUTOS = YES_AGGRESSIVE;
				GCC_WARN_UNUSED_FUNCTION = YES;
				GCC_WARN_UNUSED_VARIABLE = YES;
				IPHONEOS_DEPLOYMENT_TARGET = 9.3;
				MTL_ENABLE_DEBUG_INFO = NO;
				SDKROOT = iphoneos;
				SWIFT_OPTIMIZATION_LEVEL = "-Owholemodule";
				VALIDATE_PRODUCT = YES;
			};
			name = Release;
		};
		607FACF01AFB9204008FA782 /* Debug */ = {
			isa = XCBuildConfiguration;
			baseConfigurationReference = 579CE7D83806DC2A21E1397F /* Pods-OpenAI_Example.debug.xcconfig */;
			buildSettings = {
				ASSETCATALOG_COMPILER_APPICON_NAME = AppIcon;
				DEVELOPMENT_TEAM = "";
				EXCLUDED_ARCHS = "";
				INFOPLIST_FILE = OpenAI/Info.plist;
				IPHONEOS_DEPLOYMENT_TARGET = 11.0;
				LD_RUNPATH_SEARCH_PATHS = "$(inherited) @executable_path/Frameworks";
				MODULE_NAME = ExampleApp;
				PRODUCT_BUNDLE_IDENTIFIER = com.janghyo.openai;
				PRODUCT_NAME = "$(TARGET_NAME)";
				SWIFT_SWIFT3_OBJC_INFERENCE = Default;
				SWIFT_VERSION = 5.0;
			};
			name = Debug;
		};
		607FACF11AFB9204008FA782 /* Release */ = {
			isa = XCBuildConfiguration;
			baseConfigurationReference = 2C69FBF0294A3EDA3DC91014 /* Pods-OpenAI_Example.release.xcconfig */;
			buildSettings = {
				ASSETCATALOG_COMPILER_APPICON_NAME = AppIcon;
				DEVELOPMENT_TEAM = "";
				EXCLUDED_ARCHS = "";
				INFOPLIST_FILE = OpenAI/Info.plist;
				IPHONEOS_DEPLOYMENT_TARGET = 11.0;
				LD_RUNPATH_SEARCH_PATHS = "$(inherited) @executable_path/Frameworks";
				MODULE_NAME = ExampleApp;
				PRODUCT_BUNDLE_IDENTIFIER = com.janghyo.openai;
				PRODUCT_NAME = "$(TARGET_NAME)";
				SWIFT_SWIFT3_OBJC_INFERENCE = Default;
				SWIFT_VERSION = 5.0;
			};
			name = Release;
		};
/* End XCBuildConfiguration section */

/* Begin XCConfigurationList section */
		607FACCB1AFB9204008FA782 /* Build configuration list for PBXProject "OpenAI" */ = {
			isa = XCConfigurationList;
			buildConfigurations = (
				607FACED1AFB9204008FA782 /* Debug */,
				607FACEE1AFB9204008FA782 /* Release */,
			);
			defaultConfigurationIsVisible = 0;
			defaultConfigurationName = Release;
		};
		607FACEF1AFB9204008FA782 /* Build configuration list for PBXNativeTarget "OpenAI_Example" */ = {
			isa = XCConfigurationList;
			buildConfigurations = (
				607FACF01AFB9204008FA782 /* Debug */,
				607FACF11AFB9204008FA782 /* Release */,
			);
			defaultConfigurationIsVisible = 0;
			defaultConfigurationName = Release;
		};
/* End XCConfigurationList section */
	};
	rootObject = 607FACC81AFB9204008FA782 /* Project object */;
}
